
Microsoft Visual Studio Solution File, Format Version 12.00
# Visual Studio 15
VisualStudioVersion = 15.0.26430.6
MinimumVisualStudioVersion = 10.0.40219.1
Project("{FAE04EC0-301F-11D3-BF4B-00C04F79EFBC}") = "ulatina.avanzada.calentamiento", "ulatina.avanzada.calentamiento\ulatina.avanzada.calentamiento.csproj", "{7208498E-D1FD-4D33-893E-F58E95BEBCAC}"
EndProject
Project("{FAE04EC0-301F-11D3-BF4B-00C04F79EFBC}") = "ulatina.prograavanzada.helloworld", "ulatina.prograavanzada.helloword\ulatina.prograavanzada.helloworld.csproj", "{BEC7708E-671B-4A84-BD3C-A5F09410A6FB}"
EndProject
Project("{FAE04EC0-301F-11D3-BF4B-00C04F79EFBC}") = "clase Ulatina.avanzada.test", "clase Ulatina.avanzada.test\clase Ulatina.avanzada.test.csproj", "{4131F0CA-B8DC-4F69-9EE0-6B3B75DD291D}"
EndProject
Project("{FAE04EC0-301F-11D3-BF4B-00C04F79EFBC}") = "Ulatina.PrograAvanzada.BL.AplicacionWeb", "Ulatina.PrograAvanzada.BL.AplicacionWeb\Ulatina.PrograAvanzada.BL.AplicacionWeb.csproj", "{92EB7B95-140B-446A-99F7-745A6A622754}"
EndProject
Project("{FAE04EC0-301F-11D3-BF4B-00C04F79EFBC}") = "WebApplication1", "WebApplication1\WebApplication1.csproj", "{F3EBEBC3-6101-4B8E-99EE-13BBFDFE4371}"
EndProject
Project("{2150E333-8FDC-42A3-9474-1A3956D46DE8}") = "Solution Items", "Solution Items", "{70AAE66D-3C9F-41E9-80B1-4E31B1B2B4F5}"
	ProjectSection(SolutionItems) = preProject
		HTMLPage2.html = HTMLPage2.html
	EndProjectSection
EndProject
Global
	GlobalSection(SolutionConfigurationPlatforms) = preSolution
		Debug|Any CPU = Debug|Any CPU
		Release|Any CPU = Release|Any CPU
	EndGlobalSection
	GlobalSection(ProjectConfigurationPlatforms) = postSolution
		{7208498E-D1FD-4D33-893E-F58E95BEBCAC}.Debug|Any CPU.ActiveCfg = Debug|Any CPU
		{7208498E-D1FD-4D33-893E-F58E95BEBCAC}.Debug|Any CPU.Build.0 = Debug|Any CPU
		{7208498E-D1FD-4D33-893E-F58E95BEBCAC}.Release|Any CPU.ActiveCfg = Release|Any CPU
		{7208498E-D1FD-4D33-893E-F58E95BEBCAC}.Release|Any CPU.Build.0 = Release|Any CPU
		{BEC7708E-671B-4A84-BD3C-A5F09410A6FB}.Debug|Any CPU.ActiveCfg = Debug|Any CPU
		{BEC7708E-671B-4A84-BD3C-A5F09410A6FB}.Debug|Any CPU.Build.0 = Debug|Any CPU
		{BEC7708E-671B-4A84-BD3C-A5F09410A6FB}.Release|Any CPU.ActiveCfg = Release|Any CPU
		{BEC7708E-671B-4A84-BD3C-A5F09410A6FB}.Release|Any CPU.Build.0 = Release|Any CPU
		{4131F0CA-B8DC-4F69-9EE0-6B3B75DD291D}.Debug|Any CPU.ActiveCfg = Debug|Any CPU
		{4131F0CA-B8DC-4F69-9EE0-6B3B75DD291D}.Debug|Any CPU.Build.0 = Debug|Any CPU
		{4131F0CA-B8DC-4F69-9EE0-6B3B75DD291D}.Release|Any CPU.ActiveCfg = Release|Any CPU
		{4131F0CA-B8DC-4F69-9EE0-6B3B75DD291D}.Release|Any CPU.Build.0 = Release|Any CPU
		{92EB7B95-140B-446A-99F7-745A6A622754}.Debug|Any CPU.ActiveCfg = Debug|Any CPU
		{92EB7B95-140B-446A-99F7-745A6A622754}.Debug|Any CPU.Build.0 = Debug|Any CPU
		{92EB7B95-140B-446A-99F7-745A6A622754}.Release|Any CPU.ActiveCfg = Release|Any CPU
		{92EB7B95-140B-446A-99F7-745A6A622754}.Release|Any CPU.Build.0 = Release|Any CPU
		{F3EBEBC3-6101-4B8E-99EE-13BBFDFE4371}.Debug|Any CPU.ActiveCfg = Debug|Any CPU
		{F3EBEBC3-6101-4B8E-99EE-13BBFDFE4371}.Debug|Any CPU.Build.0 = Debug|Any CPU
		{F3EBEBC3-6101-4B8E-99EE-13BBFDFE4371}.Release|Any CPU.ActiveCfg = Release|Any CPU
		{F3EBEBC3-6101-4B8E-99EE-13BBFDFE4371}.Release|Any CPU.Build.0 = Release|Any CPU
	EndGlobalSection
	GlobalSection(SolutionProperties) = preSolution
		HideSolutionNode = FALSE
	EndGlobalSection
EndGlobal
